
Microsoft Visual Studio Solution File, Format Version 12.00
# Visual Studio Version 17
VisualStudioVersion = 17.7.34024.191
MinimumVisualStudioVersion = 10.0.40219.1
Project("{FAE04EC0-301F-11D3-BF4B-00C04F79EFBC}") = "WpfApp1", "WpfApp1\WpfApp1.csproj", "{39F3DA8B-17E7-44D9-8905-B07DC566FE1A}"
EndProject
Global
	GlobalSection(SolutionConfigurationPlatforms) = preSolution
		Debug|Any CPU = Debug|Any CPU
		Release|Any CPU = Release|Any CPU
	EndGlobalSection
	GlobalSection(ProjectConfigurationPlatforms) = postSolution
		{39F3DA8B-17E7-44D9-8905-B07DC566FE1A}.Debug|Any CPU.ActiveCfg = Debug|Any CPU
		{39F3DA8B-17E7-44D9-8905-B07DC566FE1A}.Debug|Any CPU.Build.0 = Debug|Any CPU
		{39F3DA8B-17E7-44D9-8905-B07DC566FE1A}.Release|Any CPU.ActiveCfg = Release|Any CPU
		{39F3DA8B-17E7-44D9-8905-B07DC566FE1A}.Release|Any CPU.Build.0 = Release|Any CPU
	EndGlobalSection
	GlobalSection(SolutionProperties) = preSolution
		HideSolutionNode = FALSE
	EndGlobalSection
	GlobalSection(ExtensibilityGlobals) = postSolution
		SolutionGuid = {8CE9B65E-E008-47A4-A1F2-C8366CB354D4}
	EndGlobalSection
EndGlobal
